
Microsoft Visual Studio Solution File, Format Version 12.00
# Visual Studio 15
VisualStudioVersion = 15.0.28307.572
MinimumVisualStudioVersion = 10.0.40219.1
Project("{FAE04EC0-301F-11D3-BF4B-00C04F79EFBC}") = "timcoretailmanager", "timcoretailmanager\timcoretailmanager.csproj", "{A2D5C2CB-CD21-4D8E-894F-770E934A41BB}"
EndProject
Project("{00D1A9C2-B5F0-4AF3-8072-F6C62B433612}") = "TRMData", "TRMData\TRMData.sqlproj", "{528B793C-5CB5-4DB4-AACD-70ABB9D279EE}"
EndProject
Global
	GlobalSection(SolutionConfigurationPlatforms) = preSolution
		Debug|Any CPU = Debug|Any CPU
		Release|Any CPU = Release|Any CPU
	EndGlobalSection
	GlobalSection(ProjectConfigurationPlatforms) = postSolution
		{A2D5C2CB-CD21-4D8E-894F-770E934A41BB}.Debug|Any CPU.ActiveCfg = Debug|Any CPU
		{A2D5C2CB-CD21-4D8E-894F-770E934A41BB}.Debug|Any CPU.Build.0 = Debug|Any CPU
		{A2D5C2CB-CD21-4D8E-894F-770E934A41BB}.Release|Any CPU.ActiveCfg = Release|Any CPU
		{A2D5C2CB-CD21-4D8E-894F-770E934A41BB}.Release|Any CPU.Build.0 = Release|Any CPU
		{528B793C-5CB5-4DB4-AACD-70ABB9D279EE}.Debug|Any CPU.ActiveCfg = Debug|Any CPU
		{528B793C-5CB5-4DB4-AACD-70ABB9D279EE}.Debug|Any CPU.Build.0 = Debug|Any CPU
		{528B793C-5CB5-4DB4-AACD-70ABB9D279EE}.Debug|Any CPU.Deploy.0 = Debug|Any CPU
		{528B793C-5CB5-4DB4-AACD-70ABB9D279EE}.Release|Any CPU.ActiveCfg = Release|Any CPU
		{528B793C-5CB5-4DB4-AACD-70ABB9D279EE}.Release|Any CPU.Build.0 = Release|Any CPU
		{528B793C-5CB5-4DB4-AACD-70ABB9D279EE}.Release|Any CPU.Deploy.0 = Release|Any CPU
	EndGlobalSection
	GlobalSection(SolutionProperties) = preSolution
		HideSolutionNode = FALSE
	EndGlobalSection
	GlobalSection(ExtensibilityGlobals) = postSolution
		SolutionGuid = {D1C028A8-3376-4258-9A46-6DFA4ABC3DC1}
	EndGlobalSection
EndGlobal
